{
    "version": 3,
    "terraform_version": "0.11.10",
    "serial": 3,
    "lineage": "bc9d313a-8d5c-3f66-7166-a6dae99de134",
    "modules": [
        {
            "path": [
                "root"
            ],
            "outputs": {
                "gcp_cluster_endpoint": {
                    "sensitive": false,
                    "type": "string",
                    "value": "35.244.45.11"
                },
                "gcp_cluster_name": {
                    "sensitive": false,
                    "type": "string",
                    "value": "ms-accelerator-cluster"
                },
                "gcp_ssh_command": {
                    "sensitive": false,
                    "type": "string",
                    "value": "ssh user@35.244.45.11"
                }
            },
            "resources": {
                "google_container_cluster.gke-cluster": {
                    "type": "google_container_cluster",
                    "depends_on": [],
                    "primary": {
                        "id": "ms-accelerator-cluster",
                        "attributes": {
                            "additional_zones.#": "3",
                            "additional_zones.2161376117": "asia-south1-b",
                            "additional_zones.2580073012": "asia-south1-c",
                            "additional_zones.2885593270": "asia-south1-a",
                            "addons_config.#": "1",
                            "addons_config.0.horizontal_pod_autoscaling.#": "0",
                            "addons_config.0.http_load_balancing.#": "0",
                            "addons_config.0.kubernetes_dashboard.#": "0",
                            "addons_config.0.network_policy_config.#": "1",
                            "addons_config.0.network_policy_config.0.disabled": "true",
                            "cluster_ipv4_cidr": "10.4.0.0/14",
                            "description": "",
                            "enable_binary_authorization": "false",
                            "enable_kubernetes_alpha": "false",
                            "enable_legacy_abac": "false",
                            "enable_tpu": "false",
                            "endpoint": "35.244.45.11",
                            "id": "ms-accelerator-cluster",
                            "initial_node_count": "2",
                            "instance_group_urls.#": "3",
                            "instance_group_urls.0": "https://www.googleapis.com/compute/v1/projects/calm-library-219806/zones/asia-south1-b/instanceGroups/gke-ms-accelerator-clust-default-pool-f923d16c-grp",
                            "instance_group_urls.1": "https://www.googleapis.com/compute/v1/projects/calm-library-219806/zones/asia-south1-c/instanceGroups/gke-ms-accelerator-clust-default-pool-42588d79-grp",
                            "instance_group_urls.2": "https://www.googleapis.com/compute/v1/projects/calm-library-219806/zones/asia-south1-a/instanceGroups/gke-ms-accelerator-clust-default-pool-b45bc244-grp",
                            "ip_allocation_policy.#": "0",
                            "logging_service": "logging.googleapis.com",
                            "maintenance_policy.#": "0",
                            "master_auth.#": "1",
                            "master_auth.0.client_certificate": "LS0tLS1CRUdJTiBDRVJUSUZJQ0FURS0tLS0tCk1JSUMyakNDQWNLZ0F3SUJBZ0lRSWZHenNLRXF2Si85UnRKaXJjWFlDekFOQmdrcWhraUc5dzBCQVFzRkFEQXYKTVMwd0t3WURWUVFERXlRd1pXWXhNVEV6WXkwNFlqUm1MVFE0WW1RdE9EZzVNUzA0TW1GaE1URTNOakF6WldRdwpIaGNOTVRneE1UQXhNVGt4T0RVMVdoY05Nak14TURNeE1Ua3hPRFUxV2pBUk1ROHdEUVlEVlFRREV3WmpiR2xsCmJuUXdnZ0VpTUEwR0NTcUdTSWIzRFFFQkFRVUFBNElCRHdBd2dnRUtBb0lCQVFDT1IwT3VtamRFZ3lEaFowR3gKYXJCUFFPZWZveU1wazVCZ3pvRUJFbFpEZmE1ZGlVV2gyUTltVlpCT2M0b1QwamQ1TmVZMUlaVHdoQitjN2VjeApkMVVxQ3F6WU1DZnMyd0p2YnMvMk9yYkY1WXFaVSt1SktNWlovMmVoWXlDMzBFVmVwZ1hCakVlTzRsRTNqcTFQCnBvRUVCYXhZQXV5OTBCajB0ckVKMGhaaDZNSnRnMlZDSjFZZzRyT21zS211WkZLbFdZdVpEbzYxaVFreXlxeEEKdEpaYXY5RWFMTWp5ZE5TeDlhN2RHU3Q0eW1tNXZhdVBCejliMHBUVDIzcGlUTTVkUU5kbzlWT3RPZWV3NGp5MQpMUXBYK2gwdFRBTWFyYkkyOHEwQ0J4R1c2L0U3djM1aHpEUEwzQTZkMFA0YXQ0aFNSSGFHUDZkSEZFeFNCRXZPCmd6aUZBZ01CQUFHakVEQU9NQXdHQTFVZEV3RUIvd1FDTUFBd0RRWUpLb1pJaHZjTkFRRUxCUUFEZ2dFQkFLODIKT252SUhpZ2ptV2JPb2xGaWxLelRHRGovalBOZUs2bkhPSWFpZ1RrWlRMTVpDMzRNQ1J5M2ZZdmRYem84aUlsMQp0aHByNVBDVXdMaTI1dzY2TDNOVXZROFdwWEkrNVBNYTZtVWdqOEhIUThQM1Nqa0twWGVUa0lGSXdveUYxVWhDCnpTMWVzUGxJSjlMeVBrM21RVGs4b1hmR3RKalhOS2drdlNoMk1PWTdrcGxuU0ZZUlN0RXpvQWozSml3dnpKbHgKckcxeENDcFhnS3NqZFBMcTdndkx3ZG1sVW9rZzVDZHppVGNtTGJIamtLTnM3YWJRQjl6TSs2VjJCVGlZUUZZTwpOMFlDd1pSVWdjQjBMUStDUHVzNnZPS1phbkY0TWM2ZnhtSENJMUo4ZjZVejhpek5pV1JXVXo3SlhQUWlPWlV4CnUrZlh2Ulc5Mkg5WHJOUGpGRHM9Ci0tLS0tRU5EIENFUlRJRklDQVRFLS0tLS0K",
                            "master_auth.0.client_certificate_config.#": "0",
                            "master_auth.0.client_key": "LS0tLS1CRUdJTiBSU0EgUFJJVkFURSBLRVktLS0tLQpNSUlFb3dJQkFBS0NBUUVBamtkRHJwbzNSSU1nNFdkQnNXcXdUMERubjZNaktaT1FZTTZCQVJKV1EzMnVYWWxGCm9ka1BabFdRVG5PS0U5STNlVFhtTlNHVThJUWZuTzNuTVhkVktncXMyREFuN05zQ2IyN1A5anEyeGVXS21WUHIKaVNqR1dmOW5vV01ndDlCRlhxWUZ3WXhIanVKUk40NnRUNmFCQkFXc1dBTHN2ZEFZOUxheENkSVdZZWpDYllObApRaWRXSU9LenByQ3BybVJTcFZtTG1RNk90WWtKTXNxc1FMU1dXci9SR2l6SThuVFVzZld1M1JrcmVNcHB1YjJyCmp3Yy9XOUtVMDl0Nllrek9YVURYYVBWVHJUbm5zT0k4dFMwS1Yvb2RMVXdER3EyeU52S3RBZ2NSbHV2eE83OSsKWWN3enk5d09uZEQrR3JlSVVrUjJoaituUnhSTVVnUkx6b000aFFJREFRQUJBb0lCQUErSm5zMlJqOW1PakdleApOQTVnL1ZJYVgzRWlpck4rcHZTN2VJRWFkSXM0VFhOdmkwZ3FnVEVHeFJTY0w0Y01uUHhDczVvM3lhRWVmS2xSCm5iN2NMbFBDQ0xBdlNoem1xZlJyWUpDZVJ0bUR3TWdQenhnU2VON1pNb01BWlZGTmtGWE93YkFxVnFJMit2R2IKUmpmOWtmZFRlMGU5UWdkVWszVWVBbVYxS1BhV0gvYmEzTzRjU2lqWkEwTXppclBrMkRBRVpwclB2d2FxMGVVbApSWURQQ3NtU1NUTGZVYnJjcGtwbURHQmE4VmgxbFBBOGJrcmgxajNPaEhVNnV6SitIN0JJL2tleEduMklTV1BlCjZpWkhaY2ZQRU5FNzg1S2tDR1huVGF6dHVHSUNrcGlRbkdBVGhRcWd5d3ZYcFN0WFdqbGsrVjFhRlYyaWxobW4KT21qWENoMENnWUVBeGlWQzhudXhsS1BZdnRYa3MzTnBjNGdESUpkcWpUOFBScUZWZTd0MzhJaTBZMDFJcTNYVAo3M05haGFPTkhlRUQra201VFB3NUVCLy8zY2QrVjIzZkE5aHN0MnZuT3o0em12MXZscHRkOXRsS01Sbm85T2sxCmRrTmFrNkgyZG1UcGwwdUlrQm5GWmcxZDYvNmdaNFVOcitBUjNhQlVYRWR0Zk9jcEhmNzU1ZmNDZ1lFQXQ5SWMKd2lYaVlJeU9laWZMVzNFTEc1cndHSTBGUkpZMVdXaDEySStwZU5ZdzlZREJlQlZydks0NnhXb1REb0lzVTlTTgpEM0RiRjc3L1QwcDg5TEorcXV1SWhrT0syaEMxa2tReDNzQ1V2QWduVlVNY2ZXRGd3QlhNMW9PdFE1czFPcXZSCkJzdGY3NjhMM1VkSHV2K0ZoUUZ5TkJiRGh4bldHMFozbUdhQWhtTUNnWUIwZ1JnNkJ5ekUzd25rTzFPN2g5S3IKRVgvMU85SjB0bTArOUVHVS9RZHFzSmFRQkxNRHpjWU5kdC8wejlON2pBQ1F1NlJ1ZGFiL3FqRUJyL2pEWTJETApuQWRnV2R1ZDQ5Ym4vTGdONzlCeUFoVXpoYTZKd2syaStidGFMdE1CamhnaTAxQzZtY3lOVXJLMHZnU0dtWjhRCm1Fa283TXB0YjdvYXhMaFNZTWVDeFFLQmdBTU9xWS9KRllUSmthMFNjRjFxK2VaUm8yQ2xKOHRHUEVqcVpkdGUKT0ZGY0xxQkdyZkVUV2lGZlBIY0FGcVVOSVRPYnUyVGdXYVNCZHJtWTRZOG9VTmNDNTloajB6RmhTY1BQQW8xVAo0cVZsOVZHRHRqdVhtdVZXOTNzeDRYWFlaUUErejFFdm5MN2R5SEs3dHNPemNFTVFEUmcwc0xmVWhDMGI5TzFCCjl5MUZBb0dCQUkrSFRMZ28wNm9BQldiVitDWTJ6S1gwV2VGZnZuS0lKcUFyejh3dFRId1pueVlqQkF3Y2xId0sKakJLZzZvaWFRbWExakRLbDl1VmtQalRYd0xjWUF6bVBRaVdDd0NvRXQxRFpUN2tHUU9KMUJCNHNmZEJXMlJ6UgpRcFpMSndWQlJCeDBGbXRKTXkxNjc2bERObHZRRm14MHMrK2JzSTRNNmZVTFRMMUYramlICi0tLS0tRU5EIFJTQSBQUklWQVRFIEtFWS0tLS0tCg==",
                            "master_auth.0.cluster_ca_certificate": "LS0tLS1CRUdJTiBDRVJUSUZJQ0FURS0tLS0tCk1JSURDekNDQWZPZ0F3SUJBZ0lRTUVaSDFJT3J0TW9Bemh0eE5lTFBmREFOQmdrcWhraUc5dzBCQVFzRkFEQXYKTVMwd0t3WURWUVFERXlRd1pXWXhNVEV6WXkwNFlqUm1MVFE0WW1RdE9EZzVNUzA0TW1GaE1URTNOakF6WldRdwpIaGNOTVRneE1UQXhNVGd4T0RVMFdoY05Nak14TURNeE1Ua3hPRFUwV2pBdk1TMHdLd1lEVlFRREV5UXdaV1l4Ck1URXpZeTA0WWpSbUxUUTRZbVF0T0RnNU1TMDRNbUZoTVRFM05qQXpaV1F3Z2dFaU1BMEdDU3FHU0liM0RRRUIKQVFVQUE0SUJEd0F3Z2dFS0FvSUJBUUMyOEFXOXJrUVk5SEE1R3YraDc4bGV3ODJrTjgyWlhMcXdpYXhld0kxZApNd1FmNFhpWFlFSzZxMkNuV2RLSlZFMVZrOUt1SEE3RktvYlkrOUMrUkNQa2FzdlhGNm9JeDZnUzRIVEhINGEwCmE4S1lvcmxYaEFRek0zODhxaVh5V0dqU0xxLyszczhsT0UvUVpVTVVlTmZYUXBmM2lrZWdBd2w5eTdWYjNOTnoKQzJSVTlocXJKczlSdFYwRW42QS9yWUwzVEx6ZGtOMkVRNjMrMDdvUDd6eE9uMXFqdFlyUlhYeDc3dlhObXNHMwozTXJJeklta0dRL0RyRlNZOGtLVk12dUVRQmJyZTQxVUV3YnhHcHhqVXpWOGJnN0hYWmtLT0NFOTBJbW4yYkxxCnVzc2QwdlZHMW05aUNOMDlKT2J1WnJXNkdoVXRRSlhSNi9XTEt1QVc1M2VuQWdNQkFBR2pJekFoTUE0R0ExVWQKRHdFQi93UUVBd0lDQkRBUEJnTlZIUk1CQWY4RUJUQURBUUgvTUEwR0NTcUdTSWIzRFFFQkN3VUFBNElCQVFBKwpvSnZSWGU4SVBGM3FsUWx0ZVNWR2M4RjNJYmZQMVNzcElZalExNEFDRTF0OCsyaXR2eEtRUFFZcW9zUjFpN3FBClBMajJzNW1RLzBYWDBoUHNiVThhdXhXQXdkODFNb1FRMU02TWd0VVZESm5ISTAzMG05T2ptOVg1TVEwQVZLRWIKZGpGS2VQTHpnU0kyRUFTWFBaSW9VTS9VbVI5a2hMT1BxeGVHQlIxdklzMlBhU2JWYUZZNlBReHZaRFJHQzlWbwp3LzNSdDdZeEdrRE55M1p6VlI2b2Z4WlRzMi9UWUppZDV6MnZkWHZaZWhrL0Vwa2dvNmZBa2RxdHQwdUdWSjJGCk96SS9KRytqZG9rb2JmSU0ySHlEclRRWDl0WUZDYXU2M1FtZCtaU3dUUGIwNlNXR3VHTGw3TXdqVGNObW43SEoKWXd2dDFDR3RiT0xscnRoN2NIdCsKLS0tLS1FTkQgQ0VSVElGSUNBVEUtLS0tLQo=",
                            "master_auth.0.password": "supersecretpassword",
                            "master_auth.0.username": "user",
                            "master_authorized_networks_config.#": "0",
                            "master_ipv4_cidr_block": "",
                            "master_version": "1.9.7-gke.6",
                            "monitoring_service": "monitoring.googleapis.com",
                            "name": "ms-accelerator-cluster",
                            "network": "projects/calm-library-219806/global/networks/default",
                            "network_policy.#": "1",
                            "network_policy.0.enabled": "false",
                            "network_policy.0.provider": "PROVIDER_UNSPECIFIED",
                            "node_config.#": "1",
                            "node_config.0.disk_size_gb": "100",
                            "node_config.0.disk_type": "pd-standard",
                            "node_config.0.guest_accelerator.#": "0",
                            "node_config.0.image_type": "COS",
                            "node_config.0.labels.%": "1",
                            "node_config.0.labels.this-is-for": "dev-cluster",
                            "node_config.0.local_ssd_count": "0",
                            "node_config.0.machine_type": "n1-standard-1",
                            "node_config.0.metadata.%": "0",
                            "node_config.0.min_cpu_platform": "",
                            "node_config.0.oauth_scopes.#": "4",
                            "node_config.0.oauth_scopes.1277378754": "https://www.googleapis.com/auth/monitoring",
                            "node_config.0.oauth_scopes.1632638332": "https://www.googleapis.com/auth/devstorage.read_only",
                            "node_config.0.oauth_scopes.172152165": "https://www.googleapis.com/auth/logging.write",
                            "node_config.0.oauth_scopes.299962681": "https://www.googleapis.com/auth/compute",
                            "node_config.0.preemptible": "false",
                            "node_config.0.service_account": "default",
                            "node_config.0.tags.#": "2",
                            "node_config.0.tags.0": "dev",
                            "node_config.0.tags.1": "work",
                            "node_config.0.taint.#": "0",
                            "node_config.0.workload_metadata_config.#": "0",
                            "node_pool.#": "1",
                            "node_pool.0.autoscaling.#": "0",
                            "node_pool.0.initial_node_count": "2",
                            "node_pool.0.instance_group_urls.#": "3",
                            "node_pool.0.instance_group_urls.0": "https://www.googleapis.com/compute/v1/projects/calm-library-219806/zones/asia-south1-b/instanceGroupManagers/gke-ms-accelerator-clust-default-pool-f923d16c-grp",
                            "node_pool.0.instance_group_urls.1": "https://www.googleapis.com/compute/v1/projects/calm-library-219806/zones/asia-south1-c/instanceGroupManagers/gke-ms-accelerator-clust-default-pool-42588d79-grp",
                            "node_pool.0.instance_group_urls.2": "https://www.googleapis.com/compute/v1/projects/calm-library-219806/zones/asia-south1-a/instanceGroupManagers/gke-ms-accelerator-clust-default-pool-b45bc244-grp",
                            "node_pool.0.management.#": "1",
                            "node_pool.0.management.0.auto_repair": "false",
                            "node_pool.0.management.0.auto_upgrade": "false",
                            "node_pool.0.max_pods_per_node": "0",
                            "node_pool.0.name": "default-pool",
                            "node_pool.0.name_prefix": "",
                            "node_pool.0.node_config.#": "1",
                            "node_pool.0.node_config.0.disk_size_gb": "100",
                            "node_pool.0.node_config.0.disk_type": "pd-standard",
                            "node_pool.0.node_config.0.guest_accelerator.#": "0",
                            "node_pool.0.node_config.0.image_type": "COS",
                            "node_pool.0.node_config.0.labels.%": "1",
                            "node_pool.0.node_config.0.labels.this-is-for": "dev-cluster",
                            "node_pool.0.node_config.0.local_ssd_count": "0",
                            "node_pool.0.node_config.0.machine_type": "n1-standard-1",
                            "node_pool.0.node_config.0.metadata.%": "0",
                            "node_pool.0.node_config.0.min_cpu_platform": "",
                            "node_pool.0.node_config.0.oauth_scopes.#": "4",
                            "node_pool.0.node_config.0.oauth_scopes.1277378754": "https://www.googleapis.com/auth/monitoring",
                            "node_pool.0.node_config.0.oauth_scopes.1632638332": "https://www.googleapis.com/auth/devstorage.read_only",
                            "node_pool.0.node_config.0.oauth_scopes.172152165": "https://www.googleapis.com/auth/logging.write",
                            "node_pool.0.node_config.0.oauth_scopes.299962681": "https://www.googleapis.com/auth/compute",
                            "node_pool.0.node_config.0.preemptible": "false",
                            "node_pool.0.node_config.0.service_account": "default",
                            "node_pool.0.node_config.0.tags.#": "2",
                            "node_pool.0.node_config.0.tags.0": "dev",
                            "node_pool.0.node_config.0.tags.1": "work",
                            "node_pool.0.node_config.0.taint.#": "0",
                            "node_pool.0.node_config.0.workload_metadata_config.#": "0",
                            "node_pool.0.node_count": "2",
                            "node_pool.0.version": "1.9.7-gke.6",
                            "node_version": "1.9.7-gke.6",
                            "pod_security_policy_config.#": "0",
                            "private_cluster": "false",
                            "project": "calm-library-219806",
                            "resource_labels.%": "0",
                            "subnetwork": "projects/calm-library-219806/regions/asia-south1/subnetworks/default",
                            "zone": "asia-south1"
                        },
                        "meta": {
                            "e2bfb730-ecaa-11e6-8f88-34363bc7c4c0": {
                                "create": 1800000000000,
                                "delete": 1800000000000,
                                "update": 600000000000
                            },
                            "schema_version": "1"
                        },
                        "tainted": false
                    },
                    "deposed": [],
                    "provider": "provider.google"
                }
            },
            "depends_on": []
        }
    ]
}
